
Microsoft Visual Studio Solution File, Format Version 12.00
# Visual Studio Version 17
VisualStudioVersion = 17.13.35825.156
MinimumVisualStudioVersion = 10.0.40219.1
Project("{2150E333-8FDC-42A3-9474-1A3956D46DE8}") = "src", "src", "{02EA681E-C7D8-13C7-8484-4AC65E1B71E8}"
EndProject
Project("{FAE04EC0-301F-11D3-BF4B-00C04F79EFBC}") = "FlowStorage", "src\FlowStorage.csproj", "{A3C2A9DB-495A-4E48-888A-0CBFE602666B}"
EndProject
Project("{2150E333-8FDC-42A3-9474-1A3956D46DE8}") = "tests", "tests", "{18FF824F-0C4C-49B7-8BAB-62D3A56EAFFB}"
EndProject
Project("{FAE04EC0-301F-11D3-BF4B-00C04F79EFBC}") = "FlowStorageTests", "tests\FlowStorageTests.csproj", "{142CB662-707E-45A4-8A55-DF01D3F04CF5}"
EndProject
Project("{2150E333-8FDC-42A3-9474-1A3956D46DE8}") = "Elementos de la solución", "Elementos de la solución", "{D107F4C8-89CC-BEA8-D3D7-CA6B7733353D}"
	ProjectSection(SolutionItems) = preProject
		LICENSE = LICENSE
		README.md = README.md
	EndProjectSection
EndProject
Global
	GlobalSection(SolutionConfigurationPlatforms) = preSolution
		Debug|Any CPU = Debug|Any CPU
		Release|Any CPU = Release|Any CPU
	EndGlobalSection
	GlobalSection(ProjectConfigurationPlatforms) = postSolution
		{A3C2A9DB-495A-4E48-888A-0CBFE602666B}.Debug|Any CPU.ActiveCfg = Debug|Any CPU
		{A3C2A9DB-495A-4E48-888A-0CBFE602666B}.Debug|Any CPU.Build.0 = Debug|Any CPU
		{A3C2A9DB-495A-4E48-888A-0CBFE602666B}.Release|Any CPU.ActiveCfg = Release|Any CPU
		{A3C2A9DB-495A-4E48-888A-0CBFE602666B}.Release|Any CPU.Build.0 = Release|Any CPU
		{142CB662-707E-45A4-8A55-DF01D3F04CF5}.Debug|Any CPU.ActiveCfg = Debug|Any CPU
		{142CB662-707E-45A4-8A55-DF01D3F04CF5}.Debug|Any CPU.Build.0 = Debug|Any CPU
		{142CB662-707E-45A4-8A55-DF01D3F04CF5}.Release|Any CPU.ActiveCfg = Release|Any CPU
		{142CB662-707E-45A4-8A55-DF01D3F04CF5}.Release|Any CPU.Build.0 = Release|Any CPU
	EndGlobalSection
	GlobalSection(SolutionProperties) = preSolution
		HideSolutionNode = FALSE
	EndGlobalSection
	GlobalSection(NestedProjects) = preSolution
		{A3C2A9DB-495A-4E48-888A-0CBFE602666B} = {02EA681E-C7D8-13C7-8484-4AC65E1B71E8}
		{142CB662-707E-45A4-8A55-DF01D3F04CF5} = {18FF824F-0C4C-49B7-8BAB-62D3A56EAFFB}
	EndGlobalSection
	GlobalSection(ExtensibilityGlobals) = postSolution
		SolutionGuid = {BA623911-C474-4C47-8ED9-44129B4BF735}
	EndGlobalSection
EndGlobal
